
Microsoft Visual Studio Solution File, Format Version 12.00
# Visual Studio Version 17
VisualStudioVersion = 17.0.31903.59
MinimumVisualStudioVersion = 10.0.40219.1
Project("{2150E333-8FDC-42A3-9474-1A3956D46DE8}") = "src", "src", "{827E0CD3-B72D-47B6-A68D-7590B98EB39B}"
EndProject
Project("{FAE04EC0-301F-11D3-BF4B-00C04F79EFBC}") = "FinanceSystem.Domain", "src\FinanceSystem.Domain\FinanceSystem.Domain.csproj", "{9A5D7060-A235-4203-9373-CC394AB4EF59}"
EndProject
Project("{FAE04EC0-301F-11D3-BF4B-00C04F79EFBC}") = "FinanceSystem.Application", "src\FinanceSystem.Application\FinanceSystem.Application.csproj", "{A8CA0D2F-5463-44AE-86BF-0EC50B730541}"
EndProject
Project("{FAE04EC0-301F-11D3-BF4B-00C04F79EFBC}") = "FinanceSystem.Infrastructure", "src\FinanceSystem.Infrastructure\FinanceSystem.Infrastructure.csproj", "{0CB3A2BB-799B-4639-B831-B18DE66699FA}"
EndProject
Project("{FAE04EC0-301F-11D3-BF4B-00C04F79EFBC}") = "FinanceSystem.API", "src\FinanceSystem.API\FinanceSystem.API.csproj", "{0410F28D-A7E8-4AD8-95CE-F57078BA62F4}"
EndProject
Project("{FAE04EC0-301F-11D3-BF4B-00C04F79EFBC}") = "FinanceSystem.Web", "src\FinanceSystem.Web\FinanceSystem.Web.csproj", "{72221DEC-5C25-4ACF-84EB-3F2C69F1529A}"
EndProject
Project("{2150E333-8FDC-42A3-9474-1A3956D46DE8}") = "tests", "tests", "{0AB3BF05-4346-4AA6-1389-037BE0695223}"
EndProject
Project("{FAE04EC0-301F-11D3-BF4B-00C04F79EFBC}") = "FinanceSystem.Domain.Tests", "tests\FinanceSystem.Domain.Tests\FinanceSystem.Domain.Tests.csproj", "{8E70133D-D393-4607-9640-BC3F2FA1EC1B}"
EndProject
Project("{FAE04EC0-301F-11D3-BF4B-00C04F79EFBC}") = "FinanceSystem.Application.Tests", "tests\FinanceSystem.Application.Tests\FinanceSystem.Application.Tests.csproj", "{CD12F72B-748D-4638-A4E4-D06D2E5DB389}"
EndProject
Project("{FAE04EC0-301F-11D3-BF4B-00C04F79EFBC}") = "FinanceSystem.Infrastructure.Tests", "tests\FinanceSystem.Infrastructure.Tests\FinanceSystem.Infrastructure.Tests.csproj", "{7D6D3F80-500C-47D1-87AD-B53DE3175BA9}"
EndProject
Global
	GlobalSection(SolutionConfigurationPlatforms) = preSolution
		Debug|Any CPU = Debug|Any CPU
		Debug|x64 = Debug|x64
		Debug|x86 = Debug|x86
		Release|Any CPU = Release|Any CPU
		Release|x64 = Release|x64
		Release|x86 = Release|x86
	EndGlobalSection
	GlobalSection(ProjectConfigurationPlatforms) = postSolution
		{9A5D7060-A235-4203-9373-CC394AB4EF59}.Debug|Any CPU.ActiveCfg = Debug|Any CPU
		{9A5D7060-A235-4203-9373-CC394AB4EF59}.Debug|Any CPU.Build.0 = Debug|Any CPU
		{9A5D7060-A235-4203-9373-CC394AB4EF59}.Debug|x64.ActiveCfg = Debug|Any CPU
		{9A5D7060-A235-4203-9373-CC394AB4EF59}.Debug|x64.Build.0 = Debug|Any CPU
		{9A5D7060-A235-4203-9373-CC394AB4EF59}.Debug|x86.ActiveCfg = Debug|Any CPU
		{9A5D7060-A235-4203-9373-CC394AB4EF59}.Debug|x86.Build.0 = Debug|Any CPU
		{9A5D7060-A235-4203-9373-CC394AB4EF59}.Release|Any CPU.ActiveCfg = Release|Any CPU
		{9A5D7060-A235-4203-9373-CC394AB4EF59}.Release|Any CPU.Build.0 = Release|Any CPU
		{9A5D7060-A235-4203-9373-CC394AB4EF59}.Release|x64.ActiveCfg = Release|Any CPU
		{9A5D7060-A235-4203-9373-CC394AB4EF59}.Release|x64.Build.0 = Release|Any CPU
		{9A5D7060-A235-4203-9373-CC394AB4EF59}.Release|x86.ActiveCfg = Release|Any CPU
		{9A5D7060-A235-4203-9373-CC394AB4EF59}.Release|x86.Build.0 = Release|Any CPU
		{A8CA0D2F-5463-44AE-86BF-0EC50B730541}.Debug|Any CPU.ActiveCfg = Debug|Any CPU
		{A8CA0D2F-5463-44AE-86BF-0EC50B730541}.Debug|Any CPU.Build.0 = Debug|Any CPU
		{A8CA0D2F-5463-44AE-86BF-0EC50B730541}.Debug|x64.ActiveCfg = Debug|Any CPU
		{A8CA0D2F-5463-44AE-86BF-0EC50B730541}.Debug|x64.Build.0 = Debug|Any CPU
		{A8CA0D2F-5463-44AE-86BF-0EC50B730541}.Debug|x86.ActiveCfg = Debug|Any CPU
		{A8CA0D2F-5463-44AE-86BF-0EC50B730541}.Debug|x86.Build.0 = Debug|Any CPU
		{A8CA0D2F-5463-44AE-86BF-0EC50B730541}.Release|Any CPU.ActiveCfg = Release|Any CPU
		{A8CA0D2F-5463-44AE-86BF-0EC50B730541}.Release|Any CPU.Build.0 = Release|Any CPU
		{A8CA0D2F-5463-44AE-86BF-0EC50B730541}.Release|x64.ActiveCfg = Release|Any CPU
		{A8CA0D2F-5463-44AE-86BF-0EC50B730541}.Release|x64.Build.0 = Release|Any CPU
		{A8CA0D2F-5463-44AE-86BF-0EC50B730541}.Release|x86.ActiveCfg = Release|Any CPU
		{A8CA0D2F-5463-44AE-86BF-0EC50B730541}.Release|x86.Build.0 = Release|Any CPU
		{0CB3A2BB-799B-4639-B831-B18DE66699FA}.Debug|Any CPU.ActiveCfg = Debug|Any CPU
		{0CB3A2BB-799B-4639-B831-B18DE66699FA}.Debug|Any CPU.Build.0 = Debug|Any CPU
		{0CB3A2BB-799B-4639-B831-B18DE66699FA}.Debug|x64.ActiveCfg = Debug|Any CPU
		{0CB3A2BB-799B-4639-B831-B18DE66699FA}.Debug|x64.Build.0 = Debug|Any CPU
		{0CB3A2BB-799B-4639-B831-B18DE66699FA}.Debug|x86.ActiveCfg = Debug|Any CPU
		{0CB3A2BB-799B-4639-B831-B18DE66699FA}.Debug|x86.Build.0 = Debug|Any CPU
		{0CB3A2BB-799B-4639-B831-B18DE66699FA}.Release|Any CPU.ActiveCfg = Release|Any CPU
		{0CB3A2BB-799B-4639-B831-B18DE66699FA}.Release|Any CPU.Build.0 = Release|Any CPU
		{0CB3A2BB-799B-4639-B831-B18DE66699FA}.Release|x64.ActiveCfg = Release|Any CPU
		{0CB3A2BB-799B-4639-B831-B18DE66699FA}.Release|x64.Build.0 = Release|Any CPU
		{0CB3A2BB-799B-4639-B831-B18DE66699FA}.Release|x86.ActiveCfg = Release|Any CPU
		{0CB3A2BB-799B-4639-B831-B18DE66699FA}.Release|x86.Build.0 = Release|Any CPU
		{0410F28D-A7E8-4AD8-95CE-F57078BA62F4}.Debug|Any CPU.ActiveCfg = Debug|Any CPU
		{0410F28D-A7E8-4AD8-95CE-F57078BA62F4}.Debug|Any CPU.Build.0 = Debug|Any CPU
		{0410F28D-A7E8-4AD8-95CE-F57078BA62F4}.Debug|x64.ActiveCfg = Debug|Any CPU
		{0410F28D-A7E8-4AD8-95CE-F57078BA62F4}.Debug|x64.Build.0 = Debug|Any CPU
		{0410F28D-A7E8-4AD8-95CE-F57078BA62F4}.Debug|x86.ActiveCfg = Debug|Any CPU
		{0410F28D-A7E8-4AD8-95CE-F57078BA62F4}.Debug|x86.Build.0 = Debug|Any CPU
		{0410F28D-A7E8-4AD8-95CE-F57078BA62F4}.Release|Any CPU.ActiveCfg = Release|Any CPU
		{0410F28D-A7E8-4AD8-95CE-F57078BA62F4}.Release|Any CPU.Build.0 = Release|Any CPU
		{0410F28D-A7E8-4AD8-95CE-F57078BA62F4}.Release|x64.ActiveCfg = Release|Any CPU
		{0410F28D-A7E8-4AD8-95CE-F57078BA62F4}.Release|x64.Build.0 = Release|Any CPU
		{0410F28D-A7E8-4AD8-95CE-F57078BA62F4}.Release|x86.ActiveCfg = Release|Any CPU
		{0410F28D-A7E8-4AD8-95CE-F57078BA62F4}.Release|x86.Build.0 = Release|Any CPU
		{72221DEC-5C25-4ACF-84EB-3F2C69F1529A}.Debug|Any CPU.ActiveCfg = Debug|Any CPU
		{72221DEC-5C25-4ACF-84EB-3F2C69F1529A}.Debug|Any CPU.Build.0 = Debug|Any CPU
		{72221DEC-5C25-4ACF-84EB-3F2C69F1529A}.Debug|x64.ActiveCfg = Debug|Any CPU
		{72221DEC-5C25-4ACF-84EB-3F2C69F1529A}.Debug|x64.Build.0 = Debug|Any CPU
		{72221DEC-5C25-4ACF-84EB-3F2C69F1529A}.Debug|x86.ActiveCfg = Debug|Any CPU
		{72221DEC-5C25-4ACF-84EB-3F2C69F1529A}.Debug|x86.Build.0 = Debug|Any CPU
		{72221DEC-5C25-4ACF-84EB-3F2C69F1529A}.Release|Any CPU.ActiveCfg = Release|Any CPU
		{72221DEC-5C25-4ACF-84EB-3F2C69F1529A}.Release|Any CPU.Build.0 = Release|Any CPU
		{72221DEC-5C25-4ACF-84EB-3F2C69F1529A}.Release|x64.ActiveCfg = Release|Any CPU
		{72221DEC-5C25-4ACF-84EB-3F2C69F1529A}.Release|x64.Build.0 = Release|Any CPU
		{72221DEC-5C25-4ACF-84EB-3F2C69F1529A}.Release|x86.ActiveCfg = Release|Any CPU
		{72221DEC-5C25-4ACF-84EB-3F2C69F1529A}.Release|x86.Build.0 = Release|Any CPU
		{8E70133D-D393-4607-9640-BC3F2FA1EC1B}.Debug|Any CPU.ActiveCfg = Debug|Any CPU
		{8E70133D-D393-4607-9640-BC3F2FA1EC1B}.Debug|Any CPU.Build.0 = Debug|Any CPU
		{8E70133D-D393-4607-9640-BC3F2FA1EC1B}.Debug|x64.ActiveCfg = Debug|Any CPU
		{8E70133D-D393-4607-9640-BC3F2FA1EC1B}.Debug|x64.Build.0 = Debug|Any CPU
		{8E70133D-D393-4607-9640-BC3F2FA1EC1B}.Debug|x86.ActiveCfg = Debug|Any CPU
		{8E70133D-D393-4607-9640-BC3F2FA1EC1B}.Debug|x86.Build.0 = Debug|Any CPU
		{8E70133D-D393-4607-9640-BC3F2FA1EC1B}.Release|Any CPU.ActiveCfg = Release|Any CPU
		{8E70133D-D393-4607-9640-BC3F2FA1EC1B}.Release|Any CPU.Build.0 = Release|Any CPU
		{8E70133D-D393-4607-9640-BC3F2FA1EC1B}.Release|x64.ActiveCfg = Release|Any CPU
		{8E70133D-D393-4607-9640-BC3F2FA1EC1B}.Release|x64.Build.0 = Release|Any CPU
		{8E70133D-D393-4607-9640-BC3F2FA1EC1B}.Release|x86.ActiveCfg = Release|Any CPU
		{8E70133D-D393-4607-9640-BC3F2FA1EC1B}.Release|x86.Build.0 = Release|Any CPU
		{CD12F72B-748D-4638-A4E4-D06D2E5DB389}.Debug|Any CPU.ActiveCfg = Debug|Any CPU
		{CD12F72B-748D-4638-A4E4-D06D2E5DB389}.Debug|Any CPU.Build.0 = Debug|Any CPU
		{CD12F72B-748D-4638-A4E4-D06D2E5DB389}.Debug|x64.ActiveCfg = Debug|Any CPU
		{CD12F72B-748D-4638-A4E4-D06D2E5DB389}.Debug|x64.Build.0 = Debug|Any CPU
		{CD12F72B-748D-4638-A4E4-D06D2E5DB389}.Debug|x86.ActiveCfg = Debug|Any CPU
		{CD12F72B-748D-4638-A4E4-D06D2E5DB389}.Debug|x86.Build.0 = Debug|Any CPU
		{CD12F72B-748D-4638-A4E4-D06D2E5DB389}.Release|Any CPU.ActiveCfg = Release|Any CPU
		{CD12F72B-748D-4638-A4E4-D06D2E5DB389}.Release|Any CPU.Build.0 = Release|Any CPU
		{CD12F72B-748D-4638-A4E4-D06D2E5DB389}.Release|x64.ActiveCfg = Release|Any CPU
		{CD12F72B-748D-4638-A4E4-D06D2E5DB389}.Release|x64.Build.0 = Release|Any CPU
		{CD12F72B-748D-4638-A4E4-D06D2E5DB389}.Release|x86.ActiveCfg = Release|Any CPU
		{CD12F72B-748D-4638-A4E4-D06D2E5DB389}.Release|x86.Build.0 = Release|Any CPU
		{7D6D3F80-500C-47D1-87AD-B53DE3175BA9}.Debug|Any CPU.ActiveCfg = Debug|Any CPU
		{7D6D3F80-500C-47D1-87AD-B53DE3175BA9}.Debug|Any CPU.Build.0 = Debug|Any CPU
		{7D6D3F80-500C-47D1-87AD-B53DE3175BA9}.Debug|x64.ActiveCfg = Debug|Any CPU
		{7D6D3F80-500C-47D1-87AD-B53DE3175BA9}.Debug|x64.Build.0 = Debug|Any CPU
		{7D6D3F80-500C-47D1-87AD-B53DE3175BA9}.Debug|x86.ActiveCfg = Debug|Any CPU
		{7D6D3F80-500C-47D1-87AD-B53DE3175BA9}.Debug|x86.Build.0 = Debug|Any CPU
		{7D6D3F80-500C-47D1-87AD-B53DE3175BA9}.Release|Any CPU.ActiveCfg = Release|Any CPU
		{7D6D3F80-500C-47D1-87AD-B53DE3175BA9}.Release|Any CPU.Build.0 = Release|Any CPU
		{7D6D3F80-500C-47D1-87AD-B53DE3175BA9}.Release|x64.ActiveCfg = Release|Any CPU
		{7D6D3F80-500C-47D1-87AD-B53DE3175BA9}.Release|x64.Build.0 = Release|Any CPU
		{7D6D3F80-500C-47D1-87AD-B53DE3175BA9}.Release|x86.ActiveCfg = Release|Any CPU
		{7D6D3F80-500C-47D1-87AD-B53DE3175BA9}.Release|x86.Build.0 = Release|Any CPU
	EndGlobalSection
	GlobalSection(SolutionProperties) = preSolution
		HideSolutionNode = FALSE
	EndGlobalSection
	GlobalSection(NestedProjects) = preSolution
		{9A5D7060-A235-4203-9373-CC394AB4EF59} = {827E0CD3-B72D-47B6-A68D-7590B98EB39B}
		{A8CA0D2F-5463-44AE-86BF-0EC50B730541} = {827E0CD3-B72D-47B6-A68D-7590B98EB39B}
		{0CB3A2BB-799B-4639-B831-B18DE66699FA} = {827E0CD3-B72D-47B6-A68D-7590B98EB39B}
		{0410F28D-A7E8-4AD8-95CE-F57078BA62F4} = {827E0CD3-B72D-47B6-A68D-7590B98EB39B}
		{72221DEC-5C25-4ACF-84EB-3F2C69F1529A} = {827E0CD3-B72D-47B6-A68D-7590B98EB39B}
		{8E70133D-D393-4607-9640-BC3F2FA1EC1B} = {0AB3BF05-4346-4AA6-1389-037BE0695223}
		{CD12F72B-748D-4638-A4E4-D06D2E5DB389} = {0AB3BF05-4346-4AA6-1389-037BE0695223}
		{7D6D3F80-500C-47D1-87AD-B53DE3175BA9} = {0AB3BF05-4346-4AA6-1389-037BE0695223}
	EndGlobalSection
	GlobalSection(ExtensibilityGlobals) = postSolution
		SolutionGuid = {8C5D3E63-8584-4B47-A4E1-AB9FEBAD1F90}
	EndGlobalSection
EndGlobal
